# This file is automatically @generated by Poetry 1.8.3 and should not be changed by hand.

[[package]]
name = "grpcio"
version = "1.59.0"
description = "HTTP/2-based RPC framework"
optional = false
python-versions = ">=3.7"
files = [
    {file = "grpcio-1.59.0-cp310-cp310-linux_armv7l.whl", hash = "sha256:225e5fa61c35eeaebb4e7491cd2d768cd8eb6ed00f2664fa83a58f29418b39fd"},
    {file = "grpcio-1.59.0-cp310-cp310-macosx_12_0_universal2.whl", hash = "sha256:b95ec8ecc4f703f5caaa8d96e93e40c7f589bad299a2617bdb8becbcce525539"},
    {file = "grpcio-1.59.0-cp310-cp310-manylinux_2_17_aarch64.whl", hash = "sha256:1a839ba86764cc48226f50b924216000c79779c563a301586a107bda9cbe9dcf"},
    {file = "grpcio-1.59.0-cp310-cp310-manylinux_2_17_i686.manylinux2014_i686.whl", hash = "sha256:f6cfe44a5d7c7d5f1017a7da1c8160304091ca5dc64a0f85bca0d63008c3137a"},
    {file = "grpcio-1.59.0-cp310-cp310-manylinux_2_17_x86_64.manylinux2014_x86_64.whl", hash = "sha256:d0fcf53df684fcc0154b1e61f6b4a8c4cf5f49d98a63511e3f30966feff39cd0"},
    {file = "grpcio-1.59.0-cp310-cp310-musllinux_1_1_i686.whl", hash = "sha256:fa66cac32861500f280bb60fe7d5b3e22d68c51e18e65367e38f8669b78cea3b"},
    {file = "grpcio-1.59.0-cp310-cp310-musllinux_1_1_x86_64.whl", hash = "sha256:8cd2d38c2d52f607d75a74143113174c36d8a416d9472415eab834f837580cf7"},
    {file = "grpcio-1.59.0-cp310-cp310-win32.whl", hash = "sha256:228b91ce454876d7eed74041aff24a8f04c0306b7250a2da99d35dd25e2a1211"},
    {file = "grpcio-1.59.0-cp310-cp310-win_amd64.whl", hash = "sha256:ca87ee6183421b7cea3544190061f6c1c3dfc959e0b57a5286b108511fd34ff4"},
    {file = "grpcio-1.59.0-cp311-cp311-linux_armv7l.whl", hash = "sha256:c173a87d622ea074ce79be33b952f0b424fa92182063c3bda8625c11d3585d09"},
    {file = "grpcio-1.59.0-cp311-cp311-macosx_10_10_universal2.whl", hash = "sha256:ec78aebb9b6771d6a1de7b6ca2f779a2f6113b9108d486e904bde323d51f5589"},
    {file = "grpcio-1.59.0-cp311-cp311-manylinux_2_17_aarch64.whl", hash = "sha256:0b84445fa94d59e6806c10266b977f92fa997db3585f125d6b751af02ff8b9fe"},
    {file = "grpcio-1.59.0-cp311-cp311-manylinux_2_17_i686.manylinux2014_i686.whl", hash = "sha256:c251d22de8f9f5cca9ee47e4bade7c5c853e6e40743f47f5cc02288ee7a87252"},
    {file = "grpcio-1.59.0-cp311-cp311-manylinux_2_17_x86_64.manylinux2014_x86_64.whl", hash = "sha256:956f0b7cb465a65de1bd90d5a7475b4dc55089b25042fe0f6c870707e9aabb1d"},
    {file = "grpcio-1.59.0-cp311-cp311-musllinux_1_1_i686.whl", hash = "sha256:38da5310ef84e16d638ad89550b5b9424df508fd5c7b968b90eb9629ca9be4b9"},
    {file = "grpcio-1.59.0-cp311-cp311-musllinux_1_1_x86_64.whl", hash = "sha256:63982150a7d598281fa1d7ffead6096e543ff8be189d3235dd2b5604f2c553e5"},
    {file = "grpcio-1.59.0-cp311-cp311-win32.whl", hash = "sha256:50eff97397e29eeee5df106ea1afce3ee134d567aa2c8e04fabab05c79d791a7"},
    {file = "grpcio-1.59.0-cp311-cp311-win_amd64.whl", hash = "sha256:15f03bd714f987d48ae57fe092cf81960ae36da4e520e729392a59a75cda4f29"},
    {file = "grpcio-1.59.0-cp312-cp312-linux_armv7l.whl", hash = "sha256:f1feb034321ae2f718172d86b8276c03599846dc7bb1792ae370af02718f91c5"},
    {file = "grpcio-1.59.0-cp312-cp312-macosx_10_10_universal2.whl", hash = "sha256:d09bd2a4e9f5a44d36bb8684f284835c14d30c22d8ec92ce796655af12163588"},
    {file = "grpcio-1.59.0-cp312-cp312-manylinux_2_17_aarch64.whl", hash = "sha256:2f120d27051e4c59db2f267b71b833796770d3ea36ca712befa8c5fff5da6ebd"},
    {file = "grpcio-1.59.0-cp312-cp312-manylinux_2_17_i686.manylinux2014_i686.whl", hash = "sha256:ba0ca727a173ee093f49ead932c051af463258b4b493b956a2c099696f38aa66"},
    {file = "grpcio-1.59.0-cp312-cp312-manylinux_2_17_x86_64.manylinux2014_x86_64.whl", hash = "sha256:5711c51e204dc52065f4a3327dca46e69636a0b76d3e98c2c28c4ccef9b04c52"},
    {file = "grpcio-1.59.0-cp312-cp312-musllinux_1_1_i686.whl", hash = "sha256:d74f7d2d7c242a6af9d4d069552ec3669965b74fed6b92946e0e13b4168374f9"},
    {file = "grpcio-1.59.0-cp312-cp312-musllinux_1_1_x86_64.whl", hash = "sha256:3859917de234a0a2a52132489c4425a73669de9c458b01c9a83687f1f31b5b10"},
    {file = "grpcio-1.59.0-cp312-cp312-win32.whl", hash = "sha256:de2599985b7c1b4ce7526e15c969d66b93687571aa008ca749d6235d056b7205"},
    {file = "grpcio-1.59.0-cp312-cp312-win_amd64.whl", hash = "sha256:598f3530231cf10ae03f4ab92d48c3be1fee0c52213a1d5958df1a90957e6a88"},
    {file = "grpcio-1.59.0-cp37-cp37m-linux_armv7l.whl", hash = "sha256:b34c7a4c31841a2ea27246a05eed8a80c319bfc0d3e644412ec9ce437105ff6c"},
    {file = "grpcio-1.59.0-cp37-cp37m-macosx_10_10_universal2.whl", hash = "sha256:c4dfdb49f4997dc664f30116af2d34751b91aa031f8c8ee251ce4dcfc11277b0"},
    {file = "grpcio-1.59.0-cp37-cp37m-manylinux_2_17_aarch64.whl", hash = "sha256:61bc72a00ecc2b79d9695220b4d02e8ba53b702b42411397e831c9b0589f08a3"},
    {file = "grpcio-1.59.0-cp37-cp37m-manylinux_2_17_i686.manylinux2014_i686.whl", hash = "sha256:f367e4b524cb319e50acbdea57bb63c3b717c5d561974ace0b065a648bb3bad3"},
    {file = "grpcio-1.59.0-cp37-cp37m-manylinux_2_17_x86_64.manylinux2014_x86_64.whl", hash = "sha256:849c47ef42424c86af069a9c5e691a765e304079755d5c29eff511263fad9c2a"},
    {file = "grpcio-1.59.0-cp37-cp37m-musllinux_1_1_i686.whl", hash = "sha256:c0488c2b0528e6072010182075615620071371701733c63ab5be49140ed8f7f0"},
    {file = "grpcio-1.59.0-cp37-cp37m-musllinux_1_1_x86_64.whl", hash = "sha256:611d9aa0017fa386809bddcb76653a5ab18c264faf4d9ff35cb904d44745f575"},
    {file = "grpcio-1.59.0-cp37-cp37m-win_amd64.whl", hash = "sha256:e5378785dce2b91eb2e5b857ec7602305a3b5cf78311767146464bfa365fc897"},
    {file = "grpcio-1.59.0-cp38-cp38-linux_armv7l.whl", hash = "sha256:fe976910de34d21057bcb53b2c5e667843588b48bf11339da2a75f5c4c5b4055"},
    {file = "grpcio-1.59.0-cp38-cp38-macosx_10_10_universal2.whl", hash = "sha256:c041a91712bf23b2a910f61e16565a05869e505dc5a5c025d429ca6de5de842c"},
    {file = "grpcio-1.59.0-cp38-cp38-manylinux_2_17_aarch64.whl", hash = "sha256:0ae444221b2c16d8211b55326f8ba173ba8f8c76349bfc1768198ba592b58f74"},
    {file = "grpcio-1.59.0-cp38-cp38-manylinux_2_17_i686.manylinux2014_i686.whl", hash = "sha256:ceb1e68135788c3fce2211de86a7597591f0b9a0d2bb80e8401fd1d915991bac"},
    {file = "grpcio-1.59.0-cp38-cp38-manylinux_2_17_x86_64.manylinux2014_x86_64.whl", hash = "sha256:6c4b1cc3a9dc1924d2eb26eec8792fedd4b3fcd10111e26c1d551f2e4eda79ce"},
    {file = "grpcio-1.59.0-cp38-cp38-musllinux_1_1_i686.whl", hash = "sha256:871371ce0c0055d3db2a86fdebd1e1d647cf21a8912acc30052660297a5a6901"},
    {file = "grpcio-1.59.0-cp38-cp38-musllinux_1_1_x86_64.whl", hash = "sha256:93e9cb546e610829e462147ce724a9cb108e61647a3454500438a6deef610be1"},
    {file = "grpcio-1.59.0-cp38-cp38-win32.whl", hash = "sha256:f21917aa50b40842b51aff2de6ebf9e2f6af3fe0971c31960ad6a3a2b24988f4"},
    {file = "grpcio-1.59.0-cp38-cp38-win_amd64.whl", hash = "sha256:14890da86a0c0e9dc1ea8e90101d7a3e0e7b1e71f4487fab36e2bfd2ecadd13c"},
    {file = "grpcio-1.59.0-cp39-cp39-linux_armv7l.whl", hash = "sha256:34341d9e81a4b669a5f5dca3b2a760b6798e95cdda2b173e65d29d0b16692857"},
    {file = "grpcio-1.59.0-cp39-cp39-macosx_10_10_universal2.whl", hash = "sha256:986de4aa75646e963466b386a8c5055c8b23a26a36a6c99052385d6fe8aaf180"},
    {file = "grpcio-1.59.0-cp39-cp39-manylinux_2_17_aarch64.whl", hash = "sha256:aca8a24fef80bef73f83eb8153f5f5a0134d9539b4c436a716256b311dda90a6"},
    {file = "grpcio-1.59.0-cp39-cp39-manylinux_2_17_i686.manylinux2014_i686.whl", hash = "sha256:936b2e04663660c600d5173bc2cc84e15adbad9c8f71946eb833b0afc205b996"},
    {file = "grpcio-1.59.0-cp39-cp39-manylinux_2_17_x86_64.manylinux2014_x86_64.whl", hash = "sha256:fc8bf2e7bc725e76c0c11e474634a08c8f24bcf7426c0c6d60c8f9c6e70e4d4a"},
    {file = "grpcio-1.59.0-cp39-cp39-musllinux_1_1_i686.whl", hash = "sha256:81d86a096ccd24a57fa5772a544c9e566218bc4de49e8c909882dae9d73392df"},
    {file = "grpcio-1.59.0-cp39-cp39-musllinux_1_1_x86_64.whl", hash = "sha256:2ea95cd6abbe20138b8df965b4a8674ec312aaef3147c0f46a0bac661f09e8d0"},
    {file = "grpcio-1.59.0-cp39-cp39-win32.whl", hash = "sha256:3b8ff795d35a93d1df6531f31c1502673d1cebeeba93d0f9bd74617381507e3f"},
    {file = "grpcio-1.59.0-cp39-cp39-win_amd64.whl", hash = "sha256:38823bd088c69f59966f594d087d3a929d1ef310506bee9e3648317660d65b81"},
    {file = "grpcio-1.59.0.tar.gz", hash = "sha256:acf70a63cf09dd494000007b798aff88a436e1c03b394995ce450be437b8e54f"},
]

[package.extras]
protobuf = ["grpcio-tools (>=1.59.0)"]

[package.source]
type = "legacy"
url = "https://artifacts-160945804984.d.codeartifact.us-east-1.amazonaws.com/pypi/Artifacts/simple"
reference = "Artifacts"

[[package]]
name = "grpcio-tools"
version = "1.59.0"
description = "Protobuf code generator for gRPC"
optional = false
python-versions = ">=3.7"
files = [
    {file = "grpcio-tools-1.59.0.tar.gz", hash = "sha256:aa4018f2d8662ac4d9830445d3d253a11b3e096e8afe20865547137aa1160e93"},
    {file = "grpcio_tools-1.59.0-cp310-cp310-linux_armv7l.whl", hash = "sha256:882b809b42b5464bee55288f4e60837297f9618e53e69ae3eea6d61b05ce48fa"},
    {file = "grpcio_tools-1.59.0-cp310-cp310-macosx_12_0_universal2.whl", hash = "sha256:4499d4bc5aa9c7b645018d8b0db4bebd663d427aabcd7bee7777046cb1bcbca7"},
    {file = "grpcio_tools-1.59.0-cp310-cp310-manylinux_2_17_aarch64.whl", hash = "sha256:f381ae3ad6a5eb27aad8d810438937d8228977067c54e0bd456fce7e11fdbf3d"},
    {file = "grpcio_tools-1.59.0-cp310-cp310-manylinux_2_17_i686.manylinux2014_i686.whl", hash = "sha256:f1c684c0d9226d04cadafced620a46ab38c346d0780eaac7448da96bf12066a3"},
    {file = "grpcio_tools-1.59.0-cp310-cp310-manylinux_2_17_x86_64.manylinux2014_x86_64.whl", hash = "sha256:40cbf712769242c2ba237745285ef789114d7fcfe8865fc4817d87f20015e99a"},
    {file = "grpcio_tools-1.59.0-cp310-cp310-musllinux_1_1_i686.whl", hash = "sha256:1df755951f204e65bf9232a9cac5afe7d6b8e4c87ac084d3ecd738fdc7aa4174"},
    {file = "grpcio_tools-1.59.0-cp310-cp310-musllinux_1_1_x86_64.whl", hash = "sha256:de156c18b0c638aaee3be6ad650c8ba7dec94ed4bac26403aec3dce95ffe9407"},
    {file = "grpcio_tools-1.59.0-cp310-cp310-win32.whl", hash = "sha256:9af7e138baa9b2895cf1f3eb718ac96fc5ae2f8e31fca405e21e0e5cd1643c52"},
    {file = "grpcio_tools-1.59.0-cp310-cp310-win_amd64.whl", hash = "sha256:f14a6e4f700dfd30ff8f0e6695f944affc16ae5a1e738666b3fae4e44b65637e"},
    {file = "grpcio_tools-1.59.0-cp311-cp311-linux_armv7l.whl", hash = "sha256:db030140d0da2368319e2f23655df3baec278c7e0078ecbe051eaf609a69382c"},
    {file = "grpcio_tools-1.59.0-cp311-cp311-macosx_10_10_universal2.whl", hash = "sha256:eeed386971bb8afc3ec45593df6a1154d680d87be1209ef8e782e44f85f47e64"},
    {file = "grpcio_tools-1.59.0-cp311-cp311-manylinux_2_17_aarch64.whl", hash = "sha256:962d1a3067129152cee3e172213486cb218a6bad703836991f46f216caefcf00"},
    {file = "grpcio_tools-1.59.0-cp311-cp311-manylinux_2_17_i686.manylinux2014_i686.whl", hash = "sha256:26eb2eebf150a33ebf088e67c1acf37eb2ac4133d9bfccbaa011ad2148c08b42"},
    {file = "grpcio_tools-1.59.0-cp311-cp311-manylinux_2_17_x86_64.manylinux2014_x86_64.whl", hash = "sha256:5b2d6da553980c590487f2e7fd3ec9c1ad8805ff2ec77977b92faa7e3ca14e1f"},
    {file = "grpcio_tools-1.59.0-cp311-cp311-musllinux_1_1_i686.whl", hash = "sha256:335e2f355a0c544a88854e2c053aff8a3f398b84a263a96fa19d063ca1fe513a"},
    {file = "grpcio_tools-1.59.0-cp311-cp311-musllinux_1_1_x86_64.whl", hash = "sha256:204e08f807b1d83f5f0efea30c4e680afe26a43dec8ba614a45fa698a7ef0a19"},
    {file = "grpcio_tools-1.59.0-cp311-cp311-win32.whl", hash = "sha256:05bf7b3ed01c8a562bb7e840f864c58acedbd6924eb616367c0bd0a760bdf483"},
    {file = "grpcio_tools-1.59.0-cp311-cp311-win_amd64.whl", hash = "sha256:df85096fcac7cea8aa5bd84b7a39c4cdbf556b93669bb4772eb96aacd3222a4e"},
    {file = "grpcio_tools-1.59.0-cp312-cp312-linux_armv7l.whl", hash = "sha256:240a7a3c2c54f77f1f66085a635bca72003d02f56a670e7db19aec531eda8f78"},
    {file = "grpcio_tools-1.59.0-cp312-cp312-macosx_10_10_universal2.whl", hash = "sha256:6119f62c462d119c63227b9534210f0f13506a888151b9bf586f71e7edf5088b"},
    {file = "grpcio_tools-1.59.0-cp312-cp312-manylinux_2_17_aarch64.whl", hash = "sha256:387662bee8e4c0b52cc0f61eaaca0ca583f5b227103f685b76083a3590a71a3e"},
    {file = "grpcio_tools-1.59.0-cp312-cp312-manylinux_2_17_i686.manylinux2014_i686.whl", hash = "sha256:8f0da5861ee276ca68493b217daef358960e8527cc63c7cb292ca1c9c54939af"},
    {file = "grpcio_tools-1.59.0-cp312-cp312-manylinux_2_17_x86_64.manylinux2014_x86_64.whl", hash = "sha256:d0f0806de1161c7f248e4c183633ee7a58dfe45c2b77ddf0136e2e7ad0650b1b"},
    {file = "grpcio_tools-1.59.0-cp312-cp312-musllinux_1_1_i686.whl", hash = "sha256:c683be38a9bf4024c223929b4cd2f0a0858c94e9dc8b36d7eaa5a48ce9323a6f"},
    {file = "grpcio_tools-1.59.0-cp312-cp312-musllinux_1_1_x86_64.whl", hash = "sha256:f965707da2b48a33128615bcfebedd215a3a30e346447e885bb3da37a143177a"},
    {file = "grpcio_tools-1.59.0-cp312-cp312-win32.whl", hash = "sha256:2ee960904dde12a7fa48e1591a5b3eeae054bdce57bacf9fd26685a98138f5bf"},
    {file = "grpcio_tools-1.59.0-cp312-cp312-win_amd64.whl", hash = "sha256:71cc6db1d66da3bc3730d9937bddc320f7b1f1dfdff6342bcb5741515fe4110b"},
    {file = "grpcio_tools-1.59.0-cp37-cp37m-linux_armv7l.whl", hash = "sha256:f6263b85261b62471cb97b7505df72d72b8b62e5e22d8184924871a6155b4dbf"},
    {file = "grpcio_tools-1.59.0-cp37-cp37m-macosx_10_10_universal2.whl", hash = "sha256:b8e95d921cc2a1521d4750eedefec9f16031457920a6677edebe9d1b2ad6ae60"},
    {file = "grpcio_tools-1.59.0-cp37-cp37m-manylinux_2_17_aarch64.whl", hash = "sha256:cb63055739808144b541986291679d643bae58755d0eb082157c4d4c04443905"},
    {file = "grpcio_tools-1.59.0-cp37-cp37m-manylinux_2_17_i686.manylinux2014_i686.whl", hash = "sha256:8c4634b3589efa156a8d5860c0a2547315bd5c9e52d14c960d716fe86e0927be"},
    {file = "grpcio_tools-1.59.0-cp37-cp37m-manylinux_2_17_x86_64.manylinux2014_x86_64.whl", hash = "sha256:2d970aa26854f535ffb94ea098aa8b43de020d9a14682e4a15dcdaeac7801b27"},
    {file = "grpcio_tools-1.59.0-cp37-cp37m-musllinux_1_1_i686.whl", hash = "sha256:821dba464d84ebbcffd9d420302404db2fa7a40c7ff4c4c4c93726f72bfa2769"},
    {file = "grpcio_tools-1.59.0-cp37-cp37m-musllinux_1_1_x86_64.whl", hash = "sha256:0548e901894399886ff4a4cd808cb850b60c021feb4a8977a0751f14dd7e55d9"},
    {file = "grpcio_tools-1.59.0-cp37-cp37m-win_amd64.whl", hash = "sha256:bb87158dbbb9e5a79effe78d54837599caa16df52d8d35366e06a91723b587ae"},
    {file = "grpcio_tools-1.59.0-cp38-cp38-linux_armv7l.whl", hash = "sha256:1d551ff42962c7c333c3da5c70d5e617a87dee581fa2e2c5ae2d5137c8886779"},
    {file = "grpcio_tools-1.59.0-cp38-cp38-macosx_10_10_universal2.whl", hash = "sha256:4ee443abcd241a5befb05629013fbf2eac637faa94aaa3056351aded8a31c1bc"},
    {file = "grpcio_tools-1.59.0-cp38-cp38-manylinux_2_17_aarch64.whl", hash = "sha256:520c0c83ea79d14b0679ba43e19c64ca31d30926b26ad2ca7db37cbd89c167e2"},
    {file = "grpcio_tools-1.59.0-cp38-cp38-manylinux_2_17_i686.manylinux2014_i686.whl", hash = "sha256:9fc02a6e517c34dcf885ff3b57260b646551083903e3d2c780b4971ce7d4ab7c"},
    {file = "grpcio_tools-1.59.0-cp38-cp38-manylinux_2_17_x86_64.manylinux2014_x86_64.whl", hash = "sha256:6aec8a4ed3808b7dfc1276fe51e3e24bec0eeaf610d395bcd42934647cf902a3"},
    {file = "grpcio_tools-1.59.0-cp38-cp38-musllinux_1_1_i686.whl", hash = "sha256:99b3bde646720bbfb77f263f5ba3e1a0de50632d43c38d405a0ef9c7e94373cd"},
    {file = "grpcio_tools-1.59.0-cp38-cp38-musllinux_1_1_x86_64.whl", hash = "sha256:51d9595629998d8b519126c5a610f15deb0327cd6325ed10796b47d1d292e70b"},
    {file = "grpcio_tools-1.59.0-cp38-cp38-win32.whl", hash = "sha256:bfa4b2b7d21c5634b62e5f03462243bd705adc1a21806b5356b8ce06d902e160"},
    {file = "grpcio_tools-1.59.0-cp38-cp38-win_amd64.whl", hash = "sha256:9ed05197c5ab071e91bcef28901e97ca168c4ae94510cb67a14cb4931b94255a"},
    {file = "grpcio_tools-1.59.0-cp39-cp39-linux_armv7l.whl", hash = "sha256:498e7be0b14385980efa681444ba481349c131fc5ec88003819f5d929646947c"},
    {file = "grpcio_tools-1.59.0-cp39-cp39-macosx_10_10_universal2.whl", hash = "sha256:b519f2ecde9a579cad2f4a7057d5bb4e040ad17caab8b5e691ed7a13b9db0be9"},
    {file = "grpcio_tools-1.59.0-cp39-cp39-manylinux_2_17_aarch64.whl", hash = "sha256:ef3e8aca2261f7f07436d4e2111556c1fb9bf1f9cfcdf35262743ccdee1b6ce9"},
    {file = "grpcio_tools-1.59.0-cp39-cp39-manylinux_2_17_i686.manylinux2014_i686.whl", hash = "sha256:27a7f226b741b2ebf7e2d0779d2c9b17f446d1b839d59886c1619e62cc2ae472"},
    {file = "grpcio_tools-1.59.0-cp39-cp39-manylinux_2_17_x86_64.manylinux2014_x86_64.whl", hash = "sha256:784aa52965916fec5afa1a28eeee6f0073bb43a2a1d7fedf963393898843077a"},
    {file = "grpcio_tools-1.59.0-cp39-cp39-musllinux_1_1_i686.whl", hash = "sha256:e312ddc2d8bec1a23306a661ad52734f984c9aad5d8f126ebb222a778d95407d"},
    {file = "grpcio_tools-1.59.0-cp39-cp39-musllinux_1_1_x86_64.whl", hash = "sha256:868892ad9e00651a38dace3e4924bae82fc4fd4df2c65d37b74381570ee8deb1"},
    {file = "grpcio_tools-1.59.0-cp39-cp39-win32.whl", hash = "sha256:a4f6cae381f21fee1ef0a5cbbbb146680164311157ae618edf3061742d844383"},
    {file = "grpcio_tools-1.59.0-cp39-cp39-win_amd64.whl", hash = "sha256:4a10e59cca462208b489478340b52a96d64e8b8b6f1ac097f3e8cb211d3f66c0"},
]

[package.dependencies]
grpcio = ">=1.59.0"
protobuf = ">=4.21.6,<5.0dev"
setuptools = "*"

[package.source]
type = "legacy"
url = "https://artifacts-160945804984.d.codeartifact.us-east-1.amazonaws.com/pypi/Artifacts/simple"
reference = "Artifacts"

[[package]]
name = "protobuf"
version = "4.21.12"
description = "Protocol Buffers"
optional = false
python-versions = ">=3.7"
files = [
    {file = "protobuf-4.21.12-cp310-abi3-win32.whl", hash = "sha256:b135410244ebe777db80298297a97fbb4c862c881b4403b71bac9d4107d61fd1"},
    {file = "protobuf-4.21.12-cp310-abi3-win_amd64.whl", hash = "sha256:89f9149e4a0169cddfc44c74f230d7743002e3aa0b9472d8c28f0388102fc4c2"},
    {file = "protobuf-4.21.12-cp37-abi3-macosx_10_9_universal2.whl", hash = "sha256:299ea899484ee6f44604deb71f424234f654606b983cb496ea2a53e3c63ab791"},
    {file = "protobuf-4.21.12-cp37-abi3-manylinux2014_aarch64.whl", hash = "sha256:d1736130bce8cf131ac7957fa26880ca19227d4ad68b4888b3be0dea1f95df97"},
    {file = "protobuf-4.21.12-cp37-abi3-manylinux2014_x86_64.whl", hash = "sha256:78a28c9fa223998472886c77042e9b9afb6fe4242bd2a2a5aced88e3f4422aa7"},
    {file = "protobuf-4.21.12-cp37-cp37m-win32.whl", hash = "sha256:3d164928ff0727d97022957c2b849250ca0e64777ee31efd7d6de2e07c494717"},
    {file = "protobuf-4.21.12-cp37-cp37m-win_amd64.whl", hash = "sha256:f45460f9ee70a0ec1b6694c6e4e348ad2019275680bd68a1d9314b8c7e01e574"},
    {file = "protobuf-4.21.12-cp38-cp38-win32.whl", hash = "sha256:6ab80df09e3208f742c98443b6166bcb70d65f52cfeb67357d52032ea1ae9bec"},
    {file = "protobuf-4.21.12-cp38-cp38-win_amd64.whl", hash = "sha256:1f22ac0ca65bb70a876060d96d914dae09ac98d114294f77584b0d2644fa9c30"},
    {file = "protobuf-4.21.12-cp39-cp39-win32.whl", hash = "sha256:27f4d15021da6d2b706ddc3860fac0a5ddaba34ab679dc182b60a8bb4e1121cc"},
    {file = "protobuf-4.21.12-cp39-cp39-win_amd64.whl", hash = "sha256:237216c3326d46808a9f7c26fd1bd4b20015fb6867dc5d263a493ef9a539293b"},
    {file = "protobuf-4.21.12-py2.py3-none-any.whl", hash = "sha256:a53fd3f03e578553623272dc46ac2f189de23862e68565e83dde203d41b76fc5"},
    {file = "protobuf-4.21.12-py3-none-any.whl", hash = "sha256:b98d0148f84e3a3c569e19f52103ca1feacdac0d2df8d6533cf983d1fda28462"},
    {file = "protobuf-4.21.12.tar.gz", hash = "sha256:7cd532c4566d0e6feafecc1059d04c7915aec8e182d1cf7adee8b24ef1e2e6ab"},
]

[package.source]
type = "legacy"
url = "https://artifacts-160945804984.d.codeartifact.us-east-1.amazonaws.com/pypi/Artifacts/simple"
reference = "Artifacts"

[[package]]
name = "pyyaml"
version = "6.0.2"
description = "YAML parser and emitter for Python"
optional = false
python-versions = ">=3.8"
files = [
    {file = "PyYAML-6.0.2-cp310-cp310-macosx_10_9_x86_64.whl", hash = "sha256:0a9a2848a5b7feac301353437eb7d5957887edbf81d56e903999a75a3d743086"},
    {file = "PyYAML-6.0.2-cp310-cp310-macosx_11_0_arm64.whl", hash = "sha256:29717114e51c84ddfba879543fb232a6ed60086602313ca38cce623c1d62cfbf"},
    {file = "PyYAML-6.0.2-cp310-cp310-manylinux_2_17_aarch64.manylinux2014_aarch64.whl", hash = "sha256:8824b5a04a04a047e72eea5cec3bc266db09e35de6bdfe34c9436ac5ee27d237"},
    {file = "PyYAML-6.0.2-cp310-cp310-manylinux_2_17_s390x.manylinux2014_s390x.whl", hash = "sha256:7c36280e6fb8385e520936c3cb3b8042851904eba0e58d277dca80a5cfed590b"},
    {file = "PyYAML-6.0.2-cp310-cp310-manylinux_2_17_x86_64.manylinux2014_x86_64.whl", hash = "sha256:ec031d5d2feb36d1d1a24380e4db6d43695f3748343d99434e6f5f9156aaa2ed"},
    {file = "PyYAML-6.0.2-cp310-cp310-musllinux_1_1_aarch64.whl", hash = "sha256:936d68689298c36b53b29f23c6dbb74de12b4ac12ca6cfe0e047bedceea56180"},
    {file = "PyYAML-6.0.2-cp310-cp310-musllinux_1_1_x86_64.whl", hash = "sha256:23502f431948090f597378482b4812b0caae32c22213aecf3b55325e049a6c68"},
    {file = "PyYAML-6.0.2-cp310-cp310-win32.whl", hash = "sha256:2e99c6826ffa974fe6e27cdb5ed0021786b03fc98e5ee3c5bfe1fd5015f42b99"},
    {file = "PyYAML-6.0.2-cp310-cp310-win_amd64.whl", hash = "sha256:a4d3091415f010369ae4ed1fc6b79def9416358877534caf6a0fdd2146c87a3e"},
    {file = "PyYAML-6.0.2-cp311-cp311-macosx_10_9_x86_64.whl", hash = "sha256:cc1c1159b3d456576af7a3e4d1ba7e6924cb39de8f67111c735f6fc832082774"},
    {file = "PyYAML-6.0.2-cp311-cp311-macosx_11_0_arm64.whl", hash = "sha256:1e2120ef853f59c7419231f3bf4e7021f1b936f6ebd222406c3b60212205d2ee"},
    {file = "PyYAML-6.0.2-cp311-cp311-manylinux_2_17_aarch64.manylinux2014_aarch64.whl", hash = "sha256:5d225db5a45f21e78dd9358e58a98702a0302f2659a3c6cd320564b75b86f47c"},
    {file = "PyYAML-6.0.2-cp311-cp311-manylinux_2_17_s390x.manylinux2014_s390x.whl", hash = "sha256:5ac9328ec4831237bec75defaf839f7d4564be1e6b25ac710bd1a96321cc8317"},
    {file = "PyYAML-6.0.2-cp311-cp311-manylinux_2_17_x86_64.manylinux2014_x86_64.whl", hash = "sha256:3ad2a3decf9aaba3d29c8f537ac4b243e36bef957511b4766cb0057d32b0be85"},
    {file = "PyYAML-6.0.2-cp311-cp311-musllinux_1_1_aarch64.whl", hash = "sha256:ff3824dc5261f50c9b0dfb3be22b4567a6f938ccce4587b38952d85fd9e9afe4"},
    {file = "PyYAML-6.0.2-cp311-cp311-musllinux_1_1_x86_64.whl", hash = "sha256:797b4f722ffa07cc8d62053e4cff1486fa6dc094105d13fea7b1de7d8bf71c9e"},
    {file = "PyYAML-6.0.2-cp311-cp311-win32.whl", hash = "sha256:11d8f3dd2b9c1207dcaf2ee0bbbfd5991f571186ec9cc78427ba5bd32afae4b5"},
    {file = "PyYAML-6.0.2-cp311-cp311-win_amd64.whl", hash = "sha256:e10ce637b18caea04431ce14fabcf5c64a1c61ec9c56b071a4b7ca131ca52d44"},
    {file = "PyYAML-6.0.2-cp312-cp312-macosx_10_9_x86_64.whl", hash = "sha256:c70c95198c015b85feafc136515252a261a84561b7b1d51e3384e0655ddf25ab"},
    {file = "PyYAML-6.0.2-cp312-cp312-macosx_11_0_arm64.whl", hash = "sha256:ce826d6ef20b1bc864f0a68340c8b3287705cae2f8b4b1d932177dcc76721725"},
    {file = "PyYAML-6.0.2-cp312-cp312-manylinux_2_17_aarch64.manylinux2014_aarch64.whl", hash = "sha256:1f71ea527786de97d1a0cc0eacd1defc0985dcf6b3f17bb77dcfc8c34bec4dc5"},
    {file = "PyYAML-6.0.2-cp312-cp312-manylinux_2_17_s390x.manylinux2014_s390x.whl", hash = "sha256:9b22676e8097e9e22e36d6b7bda33190d0d400f345f23d4065d48f4ca7ae0425"},
    {file = "PyYAML-6.0.2-cp312-cp312-manylinux_2_17_x86_64.manylinux2014_x86_64.whl", hash = "sha256:80bab7bfc629882493af4aa31a4cfa43a4c57c83813253626916b8c7ada83476"},
    {file = "PyYAML-6.0.2-cp312-cp312-musllinux_1_1_aarch64.whl", hash = "sha256:0833f8694549e586547b576dcfaba4a6b55b9e96098b36cdc7ebefe667dfed48"},
    {file = "PyYAML-6.0.2-cp312-cp312-musllinux_1_1_x86_64.whl", hash = "sha256:8b9c7197f7cb2738065c481a0461e50ad02f18c78cd75775628afb4d7137fb3b"},
    {file = "PyYAML-6.0.2-cp312-cp312-win32.whl", hash = "sha256:ef6107725bd54b262d6dedcc2af448a266975032bc85ef0172c5f059da6325b4"},
    {file = "PyYAML-6.0.2-cp312-cp312-win_amd64.whl", hash = "sha256:7e7401d0de89a9a855c839bc697c079a4af81cf878373abd7dc625847d25cbd8"},
    {file = "PyYAML-6.0.2-cp313-cp313-macosx_10_13_x86_64.whl", hash = "sha256:efdca5630322a10774e8e98e1af481aad470dd62c3170801852d752aa7a783ba"},
    {file = "PyYAML-6.0.2-cp313-cp313-macosx_11_0_arm64.whl", hash = "sha256:50187695423ffe49e2deacb8cd10510bc361faac997de9efef88badc3bb9e2d1"},
    {file = "PyYAML-6.0.2-cp313-cp313-manylinux_2_17_aarch64.manylinux2014_aarch64.whl", hash = "sha256:0ffe8360bab4910ef1b9e87fb812d8bc0a308b0d0eef8c8f44e0254ab3b07133"},
    {file = "PyYAML-6.0.2-cp313-cp313-manylinux_2_17_s390x.manylinux2014_s390x.whl", hash = "sha256:17e311b6c678207928d649faa7cb0d7b4c26a0ba73d41e99c4fff6b6c3276484"},
    {file = "PyYAML-6.0.2-cp313-cp313-manylinux_2_17_x86_64.manylinux2014_x86_64.whl", hash = "sha256:70b189594dbe54f75ab3a1acec5f1e3faa7e8cf2f1e08d9b561cb41b845f69d5"},
    {file = "PyYAML-6.0.2-cp313-cp313-musllinux_1_1_aarch64.whl", hash = "sha256:41e4e3953a79407c794916fa277a82531dd93aad34e29c2a514c2c0c5fe971cc"},
    {file = "PyYAML-6.0.2-cp313-cp313-musllinux_1_1_x86_64.whl", hash = "sha256:68ccc6023a3400877818152ad9a1033e3db8625d899c72eacb5a668902e4d652"},
    {file = "PyYAML-6.0.2-cp313-cp313-win32.whl", hash = "sha256:bc2fa7c6b47d6bc618dd7fb02ef6fdedb1090ec036abab80d4681424b84c1183"},
    {file = "PyYAML-6.0.2-cp313-cp313-win_amd64.whl", hash = "sha256:8388ee1976c416731879ac16da0aff3f63b286ffdd57cdeb95f3f2e085687563"},
    {file = "PyYAML-6.0.2-cp38-cp38-macosx_10_9_x86_64.whl", hash = "sha256:24471b829b3bf607e04e88d79542a9d48bb037c2267d7927a874e6c205ca7e9a"},
    {file = "PyYAML-6.0.2-cp38-cp38-manylinux_2_17_aarch64.manylinux2014_aarch64.whl", hash = "sha256:d7fded462629cfa4b685c5416b949ebad6cec74af5e2d42905d41e257e0869f5"},
    {file = "PyYAML-6.0.2-cp38-cp38-manylinux_2_17_s390x.manylinux2014_s390x.whl", hash = "sha256:d84a1718ee396f54f3a086ea0a66d8e552b2ab2017ef8b420e92edbc841c352d"},
    {file = "PyYAML-6.0.2-cp38-cp38-manylinux_2_17_x86_64.manylinux2014_x86_64.whl", hash = "sha256:9056c1ecd25795207ad294bcf39f2db3d845767be0ea6e6a34d856f006006083"},
    {file = "PyYAML-6.0.2-cp38-cp38-musllinux_1_1_x86_64.whl", hash = "sha256:82d09873e40955485746739bcb8b4586983670466c23382c19cffecbf1fd8706"},
    {file = "PyYAML-6.0.2-cp38-cp38-win32.whl", hash = "sha256:43fa96a3ca0d6b1812e01ced1044a003533c47f6ee8aca31724f78e93ccc089a"},
    {file = "PyYAML-6.0.2-cp38-cp38-win_amd64.whl", hash = "sha256:01179a4a8559ab5de078078f37e5c1a30d76bb88519906844fd7bdea1b7729ff"},
    {file = "PyYAML-6.0.2-cp39-cp39-macosx_10_9_x86_64.whl", hash = "sha256:688ba32a1cffef67fd2e9398a2efebaea461578b0923624778664cc1c914db5d"},
    {file = "PyYAML-6.0.2-cp39-cp39-macosx_11_0_arm64.whl", hash = "sha256:a8786accb172bd8afb8be14490a16625cbc387036876ab6ba70912730faf8e1f"},
    {file = "PyYAML-6.0.2-cp39-cp39-manylinux_2_17_aarch64.manylinux2014_aarch64.whl", hash = "sha256:d8e03406cac8513435335dbab54c0d385e4a49e4945d2909a581c83647ca0290"},
    {file = "PyYAML-6.0.2-cp39-cp39-manylinux_2_17_s390x.manylinux2014_s390x.whl", hash = "sha256:f753120cb8181e736c57ef7636e83f31b9c0d1722c516f7e86cf15b7aa57ff12"},
    {file = "PyYAML-6.0.2-cp39-cp39-manylinux_2_17_x86_64.manylinux2014_x86_64.whl", hash = "sha256:3b1fdb9dc17f5a7677423d508ab4f243a726dea51fa5e70992e59a7411c89d19"},
    {file = "PyYAML-6.0.2-cp39-cp39-musllinux_1_1_aarch64.whl", hash = "sha256:0b69e4ce7a131fe56b7e4d770c67429700908fc0752af059838b1cfb41960e4e"},
    {file = "PyYAML-6.0.2-cp39-cp39-musllinux_1_1_x86_64.whl", hash = "sha256:a9f8c2e67970f13b16084e04f134610fd1d374bf477b17ec1599185cf611d725"},
    {file = "PyYAML-6.0.2-cp39-cp39-win32.whl", hash = "sha256:6395c297d42274772abc367baaa79683958044e5d3835486c16da75d2a694631"},
    {file = "PyYAML-6.0.2-cp39-cp39-win_amd64.whl", hash = "sha256:39693e1f8320ae4f43943590b49779ffb98acb81f788220ea932a6b6c51004d8"},
    {file = "pyyaml-6.0.2.tar.gz", hash = "sha256:d584d9ec91ad65861cc08d42e834324ef890a082e591037abe114850ff7bbc3e"},
]

[package.source]
type = "legacy"
url = "https://artifacts-160945804984.d.codeartifact.us-east-1.amazonaws.com/pypi/Artifacts/simple"
reference = "Artifacts"

[[package]]
name = "setuptools"
version = "75.8.0"
description = "Easily download, build, install, upgrade, and uninstall Python packages"
optional = false
python-versions = ">=3.9"
files = [
    {file = "setuptools-75.8.0-py3-none-any.whl", hash = "sha256:e3982f444617239225d675215d51f6ba05f845d4eec313da4418fdbb56fb27e3"},
    {file = "setuptools-75.8.0.tar.gz", hash = "sha256:c5afc8f407c626b8313a86e10311dd3f661c6cd9c09d4bf8c15c0e11f9f2b0e6"},
]

[package.extras]
check = ["pytest-checkdocs (>=2.4)", "pytest-ruff (>=0.2.1)", "ruff (>=0.8.0)"]
core = ["importlib_metadata (>=6)", "jaraco.collections", "jaraco.functools (>=4)", "jaraco.text (>=3.7)", "more_itertools", "more_itertools (>=8.8)", "packaging", "packaging (>=24.2)", "platformdirs (>=4.2.2)", "tomli (>=2.0.1)", "wheel (>=0.43.0)"]
cover = ["pytest-cov"]
doc = ["furo", "jaraco.packaging (>=9.3)", "jaraco.tidelift (>=1.4)", "pygments-github-lexers (==0.0.5)", "pyproject-hooks (!=1.1)", "rst.linker (>=1.9)", "sphinx (>=3.5)", "sphinx-favicon", "sphinx-inline-tabs", "sphinx-lint", "sphinx-notfound-page (>=1,<2)", "sphinx-reredirects", "sphinxcontrib-towncrier", "towncrier (<24.7)"]
enabler = ["pytest-enabler (>=2.2)"]
test = ["build[virtualenv] (>=1.0.3)", "filelock (>=3.4.0)", "ini2toml[lite] (>=0.14)", "jaraco.develop (>=7.21)", "jaraco.envs (>=2.2)", "jaraco.path (>=3.7.2)", "jaraco.test (>=5.5)", "packaging (>=24.2)", "pip (>=19.1)", "pyproject-hooks (!=1.1)", "pytest (>=6,!=8.1.*)", "pytest-home (>=0.5)", "pytest-perf", "pytest-subprocess", "pytest-timeout", "pytest-xdist (>=3)", "tomli-w (>=1.0.0)", "virtualenv (>=13.0.0)", "wheel (>=0.44.0)"]
type = ["importlib_metadata (>=7.0.2)", "jaraco.develop (>=7.21)", "mypy (==1.14.*)", "pytest-mypy"]

[package.source]
type = "legacy"
url = "https://artifacts-160945804984.d.codeartifact.us-east-1.amazonaws.com/pypi/Artifacts/simple"
reference = "Artifacts"

[metadata]
lock-version = "2.0"
python-versions = ">=3.10,<3.12"
content-hash = "1dd81dccbe3540950f00b9b4c0bd5c020bf3189a101d0761f511dd620c8c6dd3"
